
Microsoft Visual Studio Solution File, Format Version 12.00
# Visual Studio Version 17
VisualStudioVersion = 17.4.33110.190
MinimumVisualStudioVersion = 10.0.40219.1
Project("{FAE04EC0-301F-11D3-BF4B-00C04F79EFBC}") = "AphoNonUniqueKeyPages", "AphoNonUniqueKeyPages.csproj", "{46A6E0FB-C8B8-410E-80C3-82DAEDCDCC5B}"
EndProject
Global
	GlobalSection(SolutionConfigurationPlatforms) = preSolution
		Debug|Any CPU = Debug|Any CPU
		Release|Any CPU = Release|Any CPU
	EndGlobalSection
	GlobalSection(ProjectConfigurationPlatforms) = postSolution
		{46A6E0FB-C8B8-410E-80C3-82DAEDCDCC5B}.Debug|Any CPU.ActiveCfg = Debug|Any CPU
		{46A6E0FB-C8B8-410E-80C3-82DAEDCDCC5B}.Debug|Any CPU.Build.0 = Debug|Any CPU
		{46A6E0FB-C8B8-410E-80C3-82DAEDCDCC5B}.Release|Any CPU.ActiveCfg = Release|Any CPU
		{46A6E0FB-C8B8-410E-80C3-82DAEDCDCC5B}.Release|Any CPU.Build.0 = Release|Any CPU
	EndGlobalSection
	GlobalSection(SolutionProperties) = preSolution
		HideSolutionNode = FALSE
	EndGlobalSection
	GlobalSection(ExtensibilityGlobals) = postSolution
		SolutionGuid = {0E16255F-7E5C-4249-BE66-9B721218BE6C}
	EndGlobalSection
EndGlobal
